
Microsoft Visual Studio Solution File, Format Version 12.00
# Visual Studio Version 17
VisualStudioVersion = 17.6.33723.286
MinimumVisualStudioVersion = 10.0.40219.1
Project("{FAE04EC0-301F-11D3-BF4B-00C04F79EFBC}") = "WebApplication1", "WebApplication1\WebApplication1.csproj", "{14E4BE51-3AC5-4CCA-952D-E2D4FF5E5C9E}"
EndProject
Project("{9A19103F-16F7-4668-BE54-9A1E7A4F7556}") = "QWE.ASDF.WebAdapterHelper", "QWE.WebAdapterHelper\QWE.ASDF.WebAdapterHelper.csproj", "{994E3AF0-514A-449E-9FA0-6F02589C1E08}"
EndProject
Project("{9A19103F-16F7-4668-BE54-9A1E7A4F7556}") = "BlazorApp4", "BlazorApp4\BlazorApp4.csproj", "{90B495EC-53A2-4876-A471-6A8A308E4BAD}"
EndProject
Global
	GlobalSection(SolutionConfigurationPlatforms) = preSolution
		Debug|Any CPU = Debug|Any CPU
		Release|Any CPU = Release|Any CPU
	EndGlobalSection
	GlobalSection(ProjectConfigurationPlatforms) = postSolution
		{14E4BE51-3AC5-4CCA-952D-E2D4FF5E5C9E}.Debug|Any CPU.ActiveCfg = Debug|Any CPU
		{14E4BE51-3AC5-4CCA-952D-E2D4FF5E5C9E}.Debug|Any CPU.Build.0 = Debug|Any CPU
		{14E4BE51-3AC5-4CCA-952D-E2D4FF5E5C9E}.Release|Any CPU.ActiveCfg = Release|Any CPU
		{14E4BE51-3AC5-4CCA-952D-E2D4FF5E5C9E}.Release|Any CPU.Build.0 = Release|Any CPU
		{994E3AF0-514A-449E-9FA0-6F02589C1E08}.Debug|Any CPU.ActiveCfg = Debug|Any CPU
		{994E3AF0-514A-449E-9FA0-6F02589C1E08}.Debug|Any CPU.Build.0 = Debug|Any CPU
		{994E3AF0-514A-449E-9FA0-6F02589C1E08}.Release|Any CPU.ActiveCfg = Release|Any CPU
		{994E3AF0-514A-449E-9FA0-6F02589C1E08}.Release|Any CPU.Build.0 = Release|Any CPU
		{90B495EC-53A2-4876-A471-6A8A308E4BAD}.Debug|Any CPU.ActiveCfg = Debug|Any CPU
		{90B495EC-53A2-4876-A471-6A8A308E4BAD}.Debug|Any CPU.Build.0 = Debug|Any CPU
		{90B495EC-53A2-4876-A471-6A8A308E4BAD}.Release|Any CPU.ActiveCfg = Release|Any CPU
		{90B495EC-53A2-4876-A471-6A8A308E4BAD}.Release|Any CPU.Build.0 = Release|Any CPU
	EndGlobalSection
	GlobalSection(SolutionProperties) = preSolution
		HideSolutionNode = FALSE
	EndGlobalSection
	GlobalSection(ExtensibilityGlobals) = postSolution
		SolutionGuid = {4887BEF5-9EBF-4095-AF22-0DB25A0EA339}
	EndGlobalSection
EndGlobal
